
Microsoft Visual Studio Solution File, Format Version 12.00
# Visual Studio Version 17
VisualStudioVersion = 17.14.37012.4 d17.14
MinimumVisualStudioVersion = 10.0.40219.1
Project("{11A8DD76-328B-46DF-9F39-F559912D0360}") = "MochiES_Firmware", "MochiES_Firmware\MochiES_Firmware.nfproj", "{9E665AE3-828F-4C94-B99B-55EEF551C135}"
EndProject
Project("{FAE04EC0-301F-11D3-BF4B-00C04F79EFBC}") = "MochiES_GifConverter", "MochiES_GifConverter\MochiES_GifConverter.csproj", "{819DA6C7-639D-4F3A-B273-92DA0363FC22}"
EndProject
Global
	GlobalSection(SolutionConfigurationPlatforms) = preSolution
		Debug|Any CPU = Debug|Any CPU
		Release|Any CPU = Release|Any CPU
	EndGlobalSection
	GlobalSection(ProjectConfigurationPlatforms) = postSolution
		{9E665AE3-828F-4C94-B99B-55EEF551C135}.Debug|Any CPU.ActiveCfg = Debug|Any CPU
		{9E665AE3-828F-4C94-B99B-55EEF551C135}.Debug|Any CPU.Build.0 = Debug|Any CPU
		{9E665AE3-828F-4C94-B99B-55EEF551C135}.Debug|Any CPU.Deploy.0 = Debug|Any CPU
		{9E665AE3-828F-4C94-B99B-55EEF551C135}.Release|Any CPU.ActiveCfg = Release|Any CPU
		{9E665AE3-828F-4C94-B99B-55EEF551C135}.Release|Any CPU.Build.0 = Release|Any CPU
		{9E665AE3-828F-4C94-B99B-55EEF551C135}.Release|Any CPU.Deploy.0 = Release|Any CPU
		{819DA6C7-639D-4F3A-B273-92DA0363FC22}.Debug|Any CPU.ActiveCfg = Debug|Any CPU
		{819DA6C7-639D-4F3A-B273-92DA0363FC22}.Debug|Any CPU.Build.0 = Debug|Any CPU
		{819DA6C7-639D-4F3A-B273-92DA0363FC22}.Release|Any CPU.ActiveCfg = Release|Any CPU
		{819DA6C7-639D-4F3A-B273-92DA0363FC22}.Release|Any CPU.Build.0 = Release|Any CPU
	EndGlobalSection
	GlobalSection(SolutionProperties) = preSolution
		HideSolutionNode = FALSE
	EndGlobalSection
	GlobalSection(ExtensibilityGlobals) = postSolution
		SolutionGuid = {2DB74F0A-7CB5-4B89-8AC8-76AA942F00C9}
	EndGlobalSection
EndGlobal
